
Microsoft Visual Studio Solution File, Format Version 12.00
# Visual Studio Version 17
VisualStudioVersion = 17.5.002.0
MinimumVisualStudioVersion = 10.0.40219.1
Project("{9A19103F-16F7-4668-BE54-9A1E7A4F7556}") = "Conclusao-Projeto", "Conclusao-Projeto.csproj", "{8DC03EAC-EAE4-4F67-A410-75CF51B16263}"
EndProject
Global
	GlobalSection(SolutionConfigurationPlatforms) = preSolution
		Debug|Any CPU = Debug|Any CPU
		Release|Any CPU = Release|Any CPU
	EndGlobalSection
	GlobalSection(ProjectConfigurationPlatforms) = postSolution
		{8DC03EAC-EAE4-4F67-A410-75CF51B16263}.Debug|Any CPU.ActiveCfg = Debug|Any CPU
		{8DC03EAC-EAE4-4F67-A410-75CF51B16263}.Debug|Any CPU.Build.0 = Debug|Any CPU
		{8DC03EAC-EAE4-4F67-A410-75CF51B16263}.Release|Any CPU.ActiveCfg = Release|Any CPU
		{8DC03EAC-EAE4-4F67-A410-75CF51B16263}.Release|Any CPU.Build.0 = Release|Any CPU
	EndGlobalSection
	GlobalSection(SolutionProperties) = preSolution
		HideSolutionNode = FALSE
	EndGlobalSection
	GlobalSection(ExtensibilityGlobals) = postSolution
		SolutionGuid = {BCCEC4B0-496A-4C1B-BA8B-90F405C2AF17}
	EndGlobalSection
EndGlobal
